// !$*UTF8*$!
{
	archiveVersion = 1;
	classes = {
	};
	objectVersion = 50;
	objects = {

/* Begin PBXBuildFile section */
		7357F7E7210B3630004134A2 /* AppDelegate.m in Sources */ = {isa = PBXBuildFile; fileRef = 7357F7E6210B3630004134A2 /* AppDelegate.m */; };
		7357F7EA210B3630004134A2 /* ViewController.m in Sources */ = {isa = PBXBuildFile; fileRef = 7357F7E9210B3630004134A2 /* ViewController.m */; };
		7357F7ED210B3630004134A2 /* Main.storyboard in Resources */ = {isa = PBXBuildFile; fileRef = 7357F7EB210B3630004134A2 /* Main.storyboard */; };
		7357F7EF210B3634004134A2 /* Assets.xcassets in Resources */ = {isa = PBXBuildFile; fileRef = 7357F7EE210B3634004134A2 /* Assets.xcassets */; };
		7357F7F2210B3634004134A2 /* LaunchScreen.storyboard in Resources */ = {isa = PBXBuildFile; fileRef = 7357F7F0210B3634004134A2 /* LaunchScreen.storyboard */; };
		7357F7F5210B3634004134A2 /* main.m in Sources */ = {isa = PBXBuildFile; fileRef = 7357F7F4210B3634004134A2 /* main.m */; };
		7357F7FF210B3634004134A2 /* PKViewTests.m in Sources */ = {isa = PBXBuildFile; fileRef = 7357F7FE210B3634004134A2 /* PKViewTests.m */; };
		7357F80A210B3634004134A2 /* PKViewUITests.m in Sources */ = {isa = PBXBuildFile; fileRef = 7357F809210B3634004134A2 /* PKViewUITests.m */; };
/* End PBXBuildFile section */

/* Begin PBXContainerItemProxy section */
		7357F7FB210B3634004134A2 /* PBXContainerItemProxy */ = {
			isa = PBXContainerItemProxy;
			containerPortal = 7357F7DA210B3630004134A2 /* Project object */;
			proxyType = 1;
			remoteGlobalIDString = 7357F7E1210B3630004134A2;
			remoteInfo = PKView;
		};
		7357F806210B3634004134A2 /* PBXContainerItemProxy */ = {
			isa = PBXContainerItemProxy;
			containerPortal = 7357F7DA210B3630004134A2 /* Project object */;
			proxyType = 1;
			remoteGlobalIDString = 7357F7E1210B3630004134A2;
			remoteInfo = PKView;
		};
/* End PBXContainerItemProxy section */

/* Begin PBXFileReference section */
		7357F7E2210B3630004134A2 /* PKView.app */ = {isa = PBXFileReference; explicitFileType = wrapper.application; includeInIndex = 0; path = PKView.app; sourceTree = BUILT_PRODUCTS_DIR; };
		7357F7E5210B3630004134A2 /* AppDelegate.h */ = {isa = PBXFileReference; lastKnownFileType = sourcecode.c.h; path = AppDelegate.h; sourceTree = "<group>"; };
		7357F7E6210B3630004134A2 /* AppDelegate.m */ = {isa = PBXFileReference; lastKnownFileType = sourcecode.c.objc; path = AppDelegate.m; sourceTree = "<group>"; };
		7357F7E8210B3630004134A2 /* ViewController.h */ = {isa = PBXFileReference; lastKnownFileType = sourcecode.c.h; path = ViewController.h; sourceTree = "<group>"; };
		7357F7E9210B3630004134A2 /* ViewController.m */ = {isa = PBXFileReference; lastKnownFileType = sourcecode.c.objc; path = ViewController.m; sourceTree = "<group>"; };
		7357F7EC210B3630004134A2 /* Base */ = {isa = PBXFileReference; lastKnownFileType = file.storyboard; name = Base; path = Base.lproj/Main.storyboard; sourceTree = "<group>"; };
		7357F7EE210B3634004134A2 /* Assets.xcassets */ = {isa = PBXFileReference; lastKnownFileType = folder.assetcatalog; path = Assets.xcassets; sourceTree = "<group>"; };
		7357F7F1210B3634004134A2 /* Base */ = {isa = PBXFileReference; lastKnownFileType = file.storyboard; name = Base; path = Base.lproj/LaunchScreen.storyboard; sourceTree = "<group>"; };
		7357F7F3210B3634004134A2 /* Info.plist */ = {isa = PBXFileReference; lastKnownFileType = text.plist.xml; path = Info.plist; sourceTree = "<group>"; };
		7357F7F4210B3634004134A2 /* main.m */ = {isa = PBXFileReference; lastKnownFileType = sourcecode.c.objc; path = main.m; sourceTree = "<group>"; };
		7357F7FA210B3634004134A2 /* PKViewTests.xctest */ = {isa = PBXFileReference; explicitFileType = wrapper.cfbundle; includeInIndex = 0; path = PKViewTests.xctest; sourceTree = BUILT_PRODUCTS_DIR; };
		7357F7FE210B3634004134A2 /* PKViewTests.m */ = {isa = PBXFileReference; lastKnownFileType = sourcecode.c.objc; path = PKViewTests.m; sourceTree = "<group>"; };
		7357F800210B3634004134A2 /* Info.plist */ = {isa = PBXFileReference; lastKnownFileType = text.plist.xml; path = Info.plist; sourceTree = "<group>"; };
		7357F805210B3634004134A2 /* PKViewUITests.xctest */ = {isa = PBXFileReference; explicitFileType = wrapper.cfbundle; includeInIndex = 0; path = PKViewUITests.xctest; sourceTree = BUILT_PRODUCTS_DIR; };
		7357F809210B3634004134A2 /* PKViewUITests.m */ = {isa = PBXFileReference; lastKnownFileType = sourcecode.c.objc; path = PKViewUITests.m; sourceTree = "<group>"; };
		7357F80B210B3634004134A2 /* Info.plist */ = {isa = PBXFileReference; lastKnownFileType = text.plist.xml; path = Info.plist; sourceTree = "<group>"; };
/* End PBXFileReference section */

/* Begin PBXFrameworksBuildPhase section */
		7357F7DF210B3630004134A2 /* Frameworks */ = {
			isa = PBXFrameworksBuildPhase;
			buildActionMask = 2147483647;
			files = (
			);
			runOnlyForDeploymentPostprocessing = 0;
		};
		7357F7F7210B3634004134A2 /* Frameworks */ = {
			isa = PBXFrameworksBuildPhase;
			buildActionMask = 2147483647;
			files = (
			);
			runOnlyForDeploymentPostprocessing = 0;
		};
		7357F802210B3634004134A2 /* Frameworks */ = {
			isa = PBXFrameworksBuildPhase;
			buildActionMask = 2147483647;
			files = (
			);
			runOnlyForDeploymentPostprocessing = 0;
		};
/* End PBXFrameworksBuildPhase section */

/* Begin PBXGroup section */
		7357F7D9210B3630004134A2 = {
			isa = PBXGroup;
			children = (
				7357F7E4210B3630004134A2 /* PKView */,
				7357F7FD210B3634004134A2 /* PKViewTests */,
				7357F808210B3634004134A2 /* PKViewUITests */,
				7357F7E3210B3630004134A2 /* Products */,
			);
			sourceTree = "<group>";
		};
		7357F7E3210B3630004134A2 /* Products */ = {
			isa = PBXGroup;
			children = (
				7357F7E2210B3630004134A2 /* PKView.app */,
				7357F7FA210B3634004134A2 /* PKViewTests.xctest */,
				7357F805210B3634004134A2 /* PKViewUITests.xctest */,
			);
			name = Products;
			sourceTree = "<group>";
		};
		7357F7E4210B3630004134A2 /* PKView */ = {
			isa = PBXGroup;
			children = (
				7357F7E5210B3630004134A2 /* AppDelegate.h */,
				7357F7E6210B3630004134A2 /* AppDelegate.m */,
				7357F7E8210B3630004134A2 /* ViewController.h */,
				7357F7E9210B3630004134A2 /* ViewController.m */,
				7357F7EB210B3630004134A2 /* Main.storyboard */,
				7357F7EE210B3634004134A2 /* Assets.xcassets */,
				7357F7F0210B3634004134A2 /* LaunchScreen.storyboard */,
				7357F7F3210B3634004134A2 /* Info.plist */,
				7357F7F4210B3634004134A2 /* main.m */,
			);
			path = PKView;
			sourceTree = "<group>";
		};
		7357F7FD210B3634004134A2 /* PKViewTests */ = {
			isa = PBXGroup;
			children = (
				7357F7FE210B3634004134A2 /* PKViewTests.m */,
				7357F800210B3634004134A2 /* Info.plist */,
			);
			path = PKViewTests;
			sourceTree = "<group>";
		};
		7357F808210B3634004134A2 /* PKViewUITests */ = {
			isa = PBXGroup;
			children = (
				7357F809210B3634004134A2 /* PKViewUITests.m */,
				7357F80B210B3634004134A2 /* Info.plist */,
			);
			path = PKViewUITests;
			sourceTree = "<group>";
		};
/* End PBXGroup section */

/* Begin PBXNativeTarget section */
		7357F7E1210B3630004134A2 /* PKView */ = {
			isa = PBXNativeTarget;
			buildConfigurationList = 7357F80E210B3634004134A2 /* Build configuration list for PBXNativeTarget "PKView" */;
			buildPhases = (
				7357F7DE210B3630004134A2 /* Sources */,
				7357F7DF210B3630004134A2 /* Frameworks */,
				7357F7E0210B3630004134A2 /* Resources */,
			);
			buildRules = (
			);
			dependencies = (
			);
			name = PKView;
			productName = PKView;
			productReference = 7357F7E2210B3630004134A2 /* PKView.app */;
			productType = "com.apple.product-type.application";
		};
		7357F7F9210B3634004134A2 /* PKViewTests */ = {
			isa = PBXNativeTarget;
			buildConfigurationList = 7357F811210B3634004134A2 /* Build configuration list for PBXNativeTarget "PKViewTests" */;
			buildPhases = (
				7357F7F6210B3634004134A2 /* Sources */,
				7357F7F7210B3634004134A2 /* Frameworks */,
				7357F7F8210B3634004134A2 /* Resources */,
			);
			buildRules = (
			);
			dependencies = (
				7357F7FC210B3634004134A2 /* PBXTargetDependency */,
			);
			name = PKViewTests;
			productName = PKViewTests;
			productReference = 7357F7FA210B3634004134A2 /* PKViewTests.xctest */;
			productType = "com.apple.product-type.bundle.unit-test";
		};
		7357F804210B3634004134A2 /* PKViewUITests */ = {
			isa = PBXNativeTarget;
			buildConfigurationList = 7357F814210B3634004134A2 /* Build configuration list for PBXNativeTarget "PKViewUITests" */;
			buildPhases = (
				7357F801210B3634004134A2 /* Sources */,
				7357F802210B3634004134A2 /* Frameworks */,
				7357F803210B3634004134A2 /* Resources */,
			);
			buildRules = (
			);
			dependencies = (
				7357F807210B3634004134A2 /* PBXTargetDependency */,
			);
			name = PKViewUITests;
			productName = PKViewUITests;
			productReference = 7357F805210B3634004134A2 /* PKViewUITests.xctest */;
			productType = "com.apple.product-type.bundle.ui-testing";
		};
/* End PBXNativeTarget section */

/* Begin PBXProject section */
		7357F7DA210B3630004134A2 /* Project object */ = {
			isa = PBXProject;
			attributes = {
				LastUpgradeCheck = 1000;
				ORGANIZATIONNAME = "Yuan Ana";
				TargetAttributes = {
					7357F7E1210B3630004134A2 = {
						CreatedOnToolsVersion = 10.0;
					};
					7357F7F9210B3634004134A2 = {
						CreatedOnToolsVersion = 10.0;
						TestTargetID = 7357F7E1210B3630004134A2;
					};
					7357F804210B3634004134A2 = {
						CreatedOnToolsVersion = 10.0;
						TestTargetID = 7357F7E1210B3630004134A2;
					};
				};
			};
			buildConfigurationList = 7357F7DD210B3630004134A2 /* Build configuration list for PBXProject "PKView" */;
			compatibilityVersion = "Xcode 9.3";
			developmentRegion = en;
			hasScannedForEncodings = 0;
			knownRegions = (
				en,
				Base,
			);
			mainGroup = 7357F7D9210B3630004134A2;
			productRefGroup = 7357F7E3210B3630004134A2 /* Products */;
			projectDirPath = "";
			projectRoot = "";
			targets = (
				7357F7E1210B3630004134A2 /* PKView */,
				7357F7F9210B3634004134A2 /* PKViewTests */,
				7357F804210B3634004134A2 /* PKViewUITests */,
			);
		};
/* End PBXProject section */

/* Begin PBXResourcesBuildPhase section */
		7357F7E0210B3630004134A2 /* Resources */ = {
			isa = PBXResourcesBuildPhase;
			buildActionMask = 2147483647;
			files = (
				7357F7F2210B3634004134A2 /* LaunchScreen.storyboard in Resources */,
				7357F7EF210B3634004134A2 /* Assets.xcassets in Resources */,
				7357F7ED210B3630004134A2 /* Main.storyboard in Resources */,
			);
			runOnlyForDeploymentPostprocessing = 0;
		};
		7357F7F8210B3634004134A2 /* Resources */ = {
			isa = PBXResourcesBuildPhase;
			buildActionMask = 2147483647;
			files = (
			);
			runOnlyForDeploymentPostprocessing = 0;
		};
		7357F803210B3634004134A2 /* Resources */ = {
			isa = PBXResourcesBuildPhase;
			buildActionMask = 2147483647;
			files = (
			);
			runOnlyForDeploymentPostprocessing = 0;
		};
/* End PBXResourcesBuildPhase section */

/* Begin PBXSourcesBuildPhase section */
		7357F7DE210B3630004134A2 /* Sources */ = {
			isa = PBXSourcesBuildPhase;
			buildActionMask = 2147483647;
			files = (
				7357F7EA210B3630004134A2 /* ViewController.m in Sources */,
				7357F7F5210B3634004134A2 /* main.m in Sources */,
				7357F7E7210B3630004134A2 /* AppDelegate.m in Sources */,
			);
			runOnlyForDeploymentPostprocessing = 0;
		};
		7357F7F6210B3634004134A2 /* Sources */ = {
			isa = PBXSourcesBuildPhase;
			buildActionMask = 2147483647;
			files = (
				7357F7FF210B3634004134A2 /* PKViewTests.m in Sources */,
			);
			runOnlyForDeploymentPostprocessing = 0;
		};
		7357F801210B3634004134A2 /* Sources */ = {
			isa = PBXSourcesBuildPhase;
			buildActionMask = 2147483647;
			files = (
				7357F80A210B3634004134A2 /* PKViewUITests.m in Sources */,
			);
			runOnlyForDeploymentPostprocessing = 0;
		};
/* End PBXSourcesBuildPhase section */

/* Begin PBXTargetDependency section */
		7357F7FC210B3634004134A2 /* PBXTargetDependency */ = {
			isa = PBXTargetDependency;
			target = 7357F7E1210B3630004134A2 /* PKView */;
			targetProxy = 7357F7FB210B3634004134A2 /* PBXContainerItemProxy */;
		};
		7357F807210B3634004134A2 /* PBXTargetDependency */ = {
			isa = PBXTargetDependency;
			target = 7357F7E1210B3630004134A2 /* PKView */;
			targetProxy = 7357F806210B3634004134A2 /* PBXContainerItemProxy */;
		};
/* End PBXTargetDependency section */

/* Begin PBXVariantGroup section */
		7357F7EB210B3630004134A2 /* Main.storyboard */ = {
			isa = PBXVariantGroup;
			children = (
				7357F7EC210B3630004134A2 /* Base */,
			);
			name = Main.storyboard;
			sourceTree = "<group>";
		};
		7357F7F0210B3634004134A2 /* LaunchScreen.storyboard */ = {
			isa = PBXVariantGroup;
			children = (
				7357F7F1210B3634004134A2 /* Base */,
			);
			name = LaunchScreen.storyboard;
			sourceTree = "<group>";
		};
/* End PBXVariantGroup section */

/* Begin XCBuildConfiguration section */
		7357F80C210B3634004134A2 /* Debug */ = {
			isa = XCBuildConfiguration;
			buildSettings = {
				ALWAYS_SEARCH_USER_PATHS = NO;
				CLANG_ANALYZER_NONNULL = YES;
				CLANG_ANALYZER_NUMBER_OBJECT_CONVERSION = YES_AGGRESSIVE;
				CLANG_CXX_LANGUAGE_STANDARD = "gnu++14";
				CLANG_CXX_LIBRARY = "libc++";
				CLANG_ENABLE_MODULES = YES;
				CLANG_ENABLE_OBJC_ARC = YES;
				CLANG_ENABLE_OBJC_WEAK = YES;
				CLANG_WARN_BLOCK_CAPTURE_AUTORELEASING = YES;
				CLANG_WARN_BOOL_CONVERSION = YES;
				CLANG_WARN_COMMA = YES;
				CLANG_WARN_CONSTANT_CONVERSION = YES;
				CLANG_WARN_DEPRECATED_OBJC_IMPLEMENTATIONS = YES;
				CLANG_WARN_DIRECT_OBJC_ISA_USAGE = YES_ERROR;
				CLANG_WARN_DOCUMENTATION_COMMENTS = YES;
				CLANG_WARN_EMPTY_BODY = YES;
				CLANG_WARN_ENUM_CONVERSION = YES;
				CLANG_WARN_INFINITE_RECURSION = YES;
				CLANG_WARN_INT_CONVERSION = YES;
				CLANG_WARN_NON_LITERAL_NULL_CONVERSION = YES;
				CLANG_WARN_OBJC_IMPLICIT_RETAIN_SELF = YES;
				CLANG_WARN_OBJC_LITERAL_CONVERSION = YES;
				CLANG_WARN_OBJC_ROOT_CLASS = YES_ERROR;
				CLANG_WARN_RANGE_LOOP_ANALYSIS = YES;
				CLANG_WARN_STRICT_PROTOTYPES = YES;
				CLANG_WARN_SUSPICIOUS_MOVE = YES;
				CLANG_WARN_UNGUARDED_AVAILABILITY = YES_AGGRESSIVE;
				CLANG_WARN_UNREACHABLE_CODE = YES;
				CLANG_WARN__DUPLICATE_METHOD_MATCH = YES;
				CODE_SIGN_IDENTITY = "iPhone Developer";
				COPY_PHASE_STRIP = NO;
				DEBUG_INFORMATION_FORMAT = dwarf;
				ENABLE_STRICT_OBJC_MSGSEND = YES;
				ENABLE_TESTABILITY = YES;
				GCC_C_LANGUAGE_STANDARD = gnu11;
				GCC_DYNAMIC_NO_PIC = NO;
				GCC_NO_COMMON_BLOCKS = YES;
				GCC_OPTIMIZATION_LEVEL = 0;
				GCC_PREPROCESSOR_DEFINITIONS = (
					"DEBUG=1",
					"$(inherited)",
				);
				GCC_WARN_64_TO_32_BIT_CONVERSION = YES;
				GCC_WARN_ABOUT_RETURN_TYPE = YES_ERROR;
				GCC_WARN_UNDECLARED_SELECTOR = YES;
				GCC_WARN_UNINITIALIZED_AUTOS = YES_AGGRESSIVE;
				GCC_WARN_UNUSED_FUNCTION = YES;
				GCC_WARN_UNUSED_VARIABLE = YES;
				IPHONEOS_DEPLOYMENT_TARGET = 12.0;
				MTL_ENABLE_DEBUG_INFO = INCLUDE_SOURCE;
				ONLY_ACTIVE_ARCH = YES;
				SDKROOT = iphoneos;
			};
			name = Debug;
		};
		7357F80D210B3634004134A2 /* Release */ = {
			isa = XCBuildConfiguration;
			buildSettings = {
				ALWAYS_SEARCH_USER_PATHS = NO;
				CLANG_ANALYZER_NONNULL = YES;
				CLANG_ANALYZER_NUMBER_OBJECT_CONVERSION = YES_AGGRESSIVE;
				CLANG_CXX_LANGUAGE_STANDARD = "gnu++14";
				CLANG_CXX_LIBRARY = "libc++";
				CLANG_ENABLE_MODULES = YES;
				CLANG_ENABLE_OBJC_ARC = YES;
				CLANG_ENABLE_OBJC_WEAK = YES;
				CLANG_WARN_BLOCK_CAPTURE_AUTORELEASING = YES;
				CLANG_WARN_BOOL_CONVERSION = YES;
				CLANG_WARN_COMMA = YES;
				CLANG_WARN_CONSTANT_CONVERSION = YES;
				CLANG_WARN_DEPRECATED_OBJC_IMPLEMENTATIONS = YES;
				CLANG_WARN_DIRECT_OBJC_ISA_USAGE = YES_ERROR;
				CLANG_WARN_DOCUMENTATION_COMMENTS = YES;
				CLANG_WARN_EMPTY_BODY = YES;
				CLANG_WARN_ENUM_CONVERSION = YES;
				CLANG_WARN_INFINITE_RECURSION = YES;
				CLANG_WARN_INT_CONVERSION = YES;
				CLANG_WARN_NON_LITERAL_NULL_CONVERSION = YES;
				CLANG_WARN_OBJC_IMPLICIT_RETAIN_SELF = YES;
				CLANG_WARN_OBJC_LITERAL_CONVERSION = YES;
				CLANG_WARN_OBJC_ROOT_CLASS = YES_ERROR;
				CLANG_WARN_RANGE_LOOP_ANALYSIS = YES;
				CLANG_WARN_STRICT_PROTOTYPES = YES;
				CLANG_WARN_SUSPICIOUS_MOVE = YES;
				CLANG_WARN_UNGUARDED_AVAILABILITY = YES_AGGRESSIVE;
				CLANG_WARN_UNREACHABLE_CODE = YES;
				CLANG_WARN__DUPLICATE_METHOD_MATCH = YES;
				CODE_SIGN_IDENTITY = "iPhone Developer";
				COPY_PHASE_STRIP = NO;
				DEBUG_INFORMATION_FORMAT = "dwarf-with-dsym";
				ENABLE_NS_ASSERTIONS = NO;
				ENABLE_STRICT_OBJC_MSGSEND = YES;
				GCC_C_LANGUAGE_STANDARD = gnu11;
				GCC_NO_COMMON_BLOCKS = YES;
				GCC_WARN_64_TO_32_BIT_CONVERSION = YES;
				GCC_WARN_ABOUT_RETURN_TYPE = YES_ERROR;
				GCC_WARN_UNDECLARED_SELECTOR = YES;
				GCC_WARN_UNINITIALIZED_AUTOS = YES_AGGRESSIVE;
				GCC_WARN_UNUSED_FUNCTION = YES;
				GCC_WARN_UNUSED_VARIABLE = YES;
				IPHONEOS_DEPLOYMENT_TARGET = 12.0;
				MTL_ENABLE_DEBUG_INFO = NO;
				SDKROOT = iphoneos;
				VALIDATE_PRODUCT = YES;
			};
			name = Release;
		};
		7357F80F210B3634004134A2 /* Debug */ = {
			isa = XCBuildConfiguration;
			buildSettings = {
				ASSETCATALOG_COMPILER_APPICON_NAME = AppIcon;
				CODE_SIGN_STYLE = Automatic;
				INFOPLIST_FILE = PKView/Info.plist;
				LD_RUNPATH_SEARCH_PATHS = (
					"$(inherited)",
					"@executable_path/Frameworks",
				);
				PRODUCT_BUNDLE_IDENTIFIER = "-.PKView";
				PRODUCT_NAME = "$(TARGET_NAME)";
				TARGETED_DEVICE_FAMILY = "1,2";
			};
			name = Debug;
		};
		7357F810210B3634004134A2 /* Release */ = {
			isa = XCBuildConfiguration;
			buildSettings = {
				ASSETCATALOG_COMPILER_APPICON_NAME = AppIcon;
				CODE_SIGN_STYLE = Automatic;
				INFOPLIST_FILE = PKView/Info.plist;
				LD_RUNPATH_SEARCH_PATHS = (
					"$(inherited)",
					"@executable_path/Frameworks",
				);
				PRODUCT_BUNDLE_IDENTIFIER = "-.PKView";
				PRODUCT_NAME = "$(TARGET_NAME)";
				TARGETED_DEVICE_FAMILY = "1,2";
			};
			name = Release;
		};
		7357F812210B3634004134A2 /* Debug */ = {
			isa = XCBuildConfiguration;
			buildSettings = {
				BUNDLE_LOADER = "$(TEST_HOST)";
				CODE_SIGN_STYLE = Automatic;
				INFOPLIST_FILE = PKViewTests/Info.plist;
				LD_RUNPATH_SEARCH_PATHS = (
					"$(inherited)",
					"@executable_path/Frameworks",
					"@loader_path/Frameworks",
				);
				PRODUCT_BUNDLE_IDENTIFIER = "-.PKViewTests";
				PRODUCT_NAME = "$(TARGET_NAME)";
				TARGETED_DEVICE_FAMILY = "1,2";
				TEST_HOST = "$(BUILT_PRODUCTS_DIR)/PKView.app/PKView";
			};
			name = Debug;
		};
		7357F813210B3634004134A2 /* Release */ = {
			isa = XCBuildConfiguration;
			buildSettings = {
				BUNDLE_LOADER = "$(TEST_HOST)";
				CODE_SIGN_STYLE = Automatic;
				INFOPLIST_FILE = PKViewTests/Info.plist;
				LD_RUNPATH_SEARCH_PATHS = (
					"$(inherited)",
					"@executable_path/Frameworks",
					"@loader_path/Frameworks",
				);
				PRODUCT_BUNDLE_IDENTIFIER = "-.PKViewTests";
				PRODUCT_NAME = "$(TARGET_NAME)";
				TARGETED_DEVICE_FAMILY = "1,2";
				TEST_HOST = "$(BUILT_PRODUCTS_DIR)/PKView.app/PKView";
			};
			name = Release;
		};
		7357F815210B3634004134A2 /* Debug */ = {
			isa = XCBuildConfiguration;
			buildSettings = {
				CODE_SIGN_STYLE = Automatic;
				INFOPLIST_FILE = PKViewUITests/Info.plist;
				LD_RUNPATH_SEARCH_PATHS = (
					"$(inherited)",
					"@executable_path/Frameworks",
					"@loader_path/Frameworks",
				);
				PRODUCT_BUNDLE_IDENTIFIER = "-.PKViewUITests";
				PRODUCT_NAME = "$(TARGET_NAME)";
				TARGETED_DEVICE_FAMILY = "1,2";
				TEST_TARGET_NAME = PKView;
			};
			name = Debug;
		};
		7357F816210B3634004134A2 /* Release */ = {
			isa = XCBuildConfiguration;
			buildSettings = {
				CODE_SIGN_STYLE = Automatic;
				INFOPLIST_FILE = PKViewUITests/Info.plist;
				LD_RUNPATH_SEARCH_PATHS = (
					"$(inherited)",
					"@executable_path/Frameworks",
					"@loader_path/Frameworks",
				);
				PRODUCT_BUNDLE_IDENTIFIER = "-.PKViewUITests";
				PRODUCT_NAME = "$(TARGET_NAME)";
				TARGETED_DEVICE_FAMILY = "1,2";
				TEST_TARGET_NAME = PKView;
			};
			name = Release;
		};
/* End XCBuildConfiguration section */

/* Begin XCConfigurationList section */
		7357F7DD210B3630004134A2 /* Build configuration list for PBXProject "PKView" */ = {
			isa = XCConfigurationList;
			buildConfigurations = (
				7357F80C210B3634004134A2 /* Debug */,
				7357F80D210B3634004134A2 /* Release */,
			);
			defaultConfigurationIsVisible = 0;
			defaultConfigurationName = Release;
		};
		7357F80E210B3634004134A2 /* Build configuration list for PBXNativeTarget "PKView" */ = {
			isa = XCConfigurationList;
			buildConfigurations = (
				7357F80F210B3634004134A2 /* Debug */,
				7357F810210B3634004134A2 /* Release */,
			);
			defaultConfigurationIsVisible = 0;
			defaultConfigurationName = Release;
		};
		7357F811210B3634004134A2 /* Build configuration list for PBXNativeTarget "PKViewTests" */ = {
			isa = XCConfigurationList;
			buildConfigurations = (
				7357F812210B3634004134A2 /* Debug */,
				7357F813210B3634004134A2 /* Release */,
			);
			defaultConfigurationIsVisible = 0;
			defaultConfigurationName = Release;
		};
		7357F814210B3634004134A2 /* Build configuration list for PBXNativeTarget "PKViewUITests" */ = {
			isa = XCConfigurationList;
			buildConfigurations = (
				7357F815210B3634004134A2 /* Debug */,
				7357F816210B3634004134A2 /* Release */,
			);
			defaultConfigurationIsVisible = 0;
			defaultConfigurationName = Release;
		};
/* End XCConfigurationList section */
	};
	rootObject = 7357F7DA210B3630004134A2 /* Project object */;
}
